// !$*UTF8*$!
{
	archiveVersion = 1;
	classes = {
	};
	objectVersion = 56;
	objects = {

/* Begin PBXBuildFile section */
		136FE9F67FA29A26AE074312 /* MultiTimeframeConsensusView.swift in Sources */ = {isa = PBXBuildFile; fileRef = 144206D7859B6361AEFE13D9 /* MultiTimeframeConsensusView.swift */; };
		1B3F554CCC5B9C65482F52FA /* WatchlistModels.swift in Sources */ = {isa = PBXBuildFile; fileRef = 0A4D3D1FC85DBCBD8C45CCA5 /* WatchlistModels.swift */; };
		2B0B27F844CF7F11D77399D7 /* ScannerResponse.swift in Sources */ = {isa = PBXBuildFile; fileRef = 6BED859934C91510459C2BF0 /* ScannerResponse.swift */; };
		3D2E2ECF304A82C0FF14E1A6 /* AnalysisViewModel.swift in Sources */ = {isa = PBXBuildFile; fileRef = 5FA5FFF80A4C7A0C6E60A1CA /* AnalysisViewModel.swift */; };
		611D5562963D3AAE070CC72B /* EnhancedPredictionModels.swift in Sources */ = {isa = PBXBuildFile; fileRef = 83A51D8136CB3AF96EBB360E /* EnhancedPredictionModels.swift */; };
		731BC29C18688AD83AF0A16E /* StrikePriceComparisonView.swift in Sources */ = {isa = PBXBuildFile; fileRef = EE33C7CA7CA515703FFF0B5D /* StrikePriceComparisonView.swift */; };
		75E6EC514BD3BA75308497C8 /* PredictionsViewModel.swift in Sources */ = {isa = PBXBuildFile; fileRef = 9956271A37FA42982A5F0DDC /* PredictionsViewModel.swift */; };
		A1000001233456780000001 /* SwiftBoltMLApp.swift in Sources */ = {isa = PBXBuildFile; fileRef = A2000001233456780000001 /* SwiftBoltMLApp.swift */; };
		A1000002233456780000002 /* ContentView.swift in Sources */ = {isa = PBXBuildFile; fileRef = A2000002233456780000002 /* ContentView.swift */; };
		A1000003233456780000003 /* DevToolsView.swift in Sources */ = {isa = PBXBuildFile; fileRef = A2000003233456780000003 /* DevToolsView.swift */; };
		A1000004233456780000004 /* SymbolSearchView.swift in Sources */ = {isa = PBXBuildFile; fileRef = A2000004233456780000004 /* SymbolSearchView.swift */; };
		A1000005233456780000005 /* ChartView.swift in Sources */ = {isa = PBXBuildFile; fileRef = A2000005233456780000005 /* ChartView.swift */; };
		A1000006233456780000006 /* PriceChartView.swift in Sources */ = {isa = PBXBuildFile; fileRef = A2000006233456780000006 /* PriceChartView.swift */; };
		A1000007233456780000007 /* NewsListView.swift in Sources */ = {isa = PBXBuildFile; fileRef = A2000007233456780000007 /* NewsListView.swift */; };
		A1000008233456780000008 /* Symbol.swift in Sources */ = {isa = PBXBuildFile; fileRef = A2000008233456780000008 /* Symbol.swift */; };
		A1000009233456780000009 /* OHLCBar.swift in Sources */ = {isa = PBXBuildFile; fileRef = A2000009233456780000009 /* OHLCBar.swift */; };
		A1000010233456780000010 /* ChartResponse.swift in Sources */ = {isa = PBXBuildFile; fileRef = A2000010233456780000010 /* ChartResponse.swift */; };
		A1000011233456780000011 /* NewsItem.swift in Sources */ = {isa = PBXBuildFile; fileRef = A2000011233456780000011 /* NewsItem.swift */; };
		A1000012233456780000012 /* NewsResponse.swift in Sources */ = {isa = PBXBuildFile; fileRef = A2000012233456780000012 /* NewsResponse.swift */; };
		A1000013233456780000013 /* APIClient.swift in Sources */ = {isa = PBXBuildFile; fileRef = A2000013233456780000013 /* APIClient.swift */; };
		A1000014233456780000014 /* Config.swift in Sources */ = {isa = PBXBuildFile; fileRef = A2000014233456780000014 /* Config.swift */; };
		A1000015233456780000015 /* KeychainService.swift in Sources */ = {isa = PBXBuildFile; fileRef = A2000015233456780000015 /* KeychainService.swift */; };
		A1000016233456780000016 /* SymbolSearchViewModel.swift in Sources */ = {isa = PBXBuildFile; fileRef = A2000016233456780000016 /* SymbolSearchViewModel.swift */; };
		A1000017233456780000017 /* ChartViewModel.swift in Sources */ = {isa = PBXBuildFile; fileRef = A2000017233456780000017 /* ChartViewModel.swift */; };
		A1000018233456780000018 /* NewsViewModel.swift in Sources */ = {isa = PBXBuildFile; fileRef = A2000018233456780000018 /* NewsViewModel.swift */; };
		A1000019233456780000019 /* AppViewModel.swift in Sources */ = {isa = PBXBuildFile; fileRef = A2000019233456780000019 /* AppViewModel.swift */; };
		A1000020233456780000020 /* Assets.xcassets in Resources */ = {isa = PBXBuildFile; fileRef = A2000022233456780000022 /* Assets.xcassets */; };
		A1000021233456780000021 /* TechnicalIndicators.swift in Sources */ = {isa = PBXBuildFile; fileRef = A2000023233456780000023 /* TechnicalIndicators.swift */; };
		A1000022233456780000022 /* WatchlistViewModel.swift in Sources */ = {isa = PBXBuildFile; fileRef = A2000024233456780000024 /* WatchlistViewModel.swift */; };
		A1000023233456780000023 /* WatchlistView.swift in Sources */ = {isa = PBXBuildFile; fileRef = A2000025233456780000025 /* WatchlistView.swift */; };
		A1000024233456780000024 /* AdvancedChartView.swift in Sources */ = {isa = PBXBuildFile; fileRef = A2000026233456780000026 /* AdvancedChartView.swift */; };
		A1000025233456780000025 /* DebugPanel.swift in Sources */ = {isa = PBXBuildFile; fileRef = A2000027233456780000027 /* DebugPanel.swift */; };
		A1000028233456780000028 /* IndicatorPanelViews.swift in Sources */ = {isa = PBXBuildFile; fileRef = A2000028233456780000028 /* IndicatorPanelViews.swift */; };
		A1000029233456780000029 /* SuperTrendPanelView.swift in Sources */ = {isa = PBXBuildFile; fileRef = A2000029233456780000029 /* SuperTrendPanelView.swift */; };
		A2A8103C284B7A6C2EA18C30 /* OptionsRankerViewModel.swift in Sources */ = {isa = PBXBuildFile; fileRef = AA453D2167A88A3AB27575EB /* OptionsRankerViewModel.swift */; };
		A66084CE5A41ABCA72B26DB6 /* OptionsRankingResponse.swift in Sources */ = {isa = PBXBuildFile; fileRef = 91C341141BD25E1C4A72A109 /* OptionsRankingResponse.swift */; };
		BC576D3E8C5285E20896AD47 /* AnalysisView.swift in Sources */ = {isa = PBXBuildFile; fileRef = 45CDF4DECC736A4B74E5CF6F /* AnalysisView.swift */; };
		BD25768D5DDFD833E346DDB5 /* DataHealthView.swift in Sources */ = {isa = PBXBuildFile; fileRef = 33A7027FA21F544B41C22B1F /* DataHealthView.swift */; };
		C01BE4658F2DADDC3E59B1DC /* PredictionsView.swift in Sources */ = {isa = PBXBuildFile; fileRef = B1B744048995733E3EF70004 /* PredictionsView.swift */; };
		DC8011B65E28852181663316 /* ForecastExplainerView.swift in Sources */ = {isa = PBXBuildFile; fileRef = 848DB246B70C854F2FE0A63C /* ForecastExplainerView.swift */; };
		E90FBEB82247C0247F23FFCF /* OptionsRankerView.swift in Sources */ = {isa = PBXBuildFile; fileRef = 0D40AA22987ED31FDDFD8FD9 /* OptionsRankerView.swift */; };
		EAB197F7318F24B608BAA78D /* MLDashboardModels.swift in Sources */ = {isa = PBXBuildFile; fileRef = 495F16DC7FC5729654ADE6C7 /* MLDashboardModels.swift */; };
		F60BB96C2EF036FA0044BE7E /* OptionContract.swift in Sources */ = {isa = PBXBuildFile; fileRef = F60BB96A2EF036FA0044BE7E /* OptionContract.swift */; };
		F60BB96D2EF036FA0044BE7E /* OptionsChainResponse.swift in Sources */ = {isa = PBXBuildFile; fileRef = F60BB96B2EF036FA0044BE7E /* OptionsChainResponse.swift */; };
		F60BB96F2EF0371A0044BE7E /* OptionsChainViewModel.swift in Sources */ = {isa = PBXBuildFile; fileRef = F60BB96E2EF0371A0044BE7E /* OptionsChainViewModel.swift */; };
		F60BB9712EF037360044BE7E /* OptionsChainView.swift in Sources */ = {isa = PBXBuildFile; fileRef = F60BB9702EF037360044BE7E /* OptionsChainView.swift */; };
		F6161BC02EF2D49A0065ABA1 /* OptionsRankerExpiryView.swift in Sources */ = {isa = PBXBuildFile; fileRef = F6161BBF2EF2D49A0065ABA1 /* OptionsRankerExpiryView.swift */; };
		F6161BC12EF2D49A0065ABA1 /* OptionRankDetailView.swift in Sources */ = {isa = PBXBuildFile; fileRef = F6161BBE2EF2D49A0065ABA1 /* OptionRankDetailView.swift */; };
		F64681A92EF0E00900FBEF04 /* MLReportCard.swift in Sources */ = {isa = PBXBuildFile; fileRef = F64681A82EF0E00900FBEF04 /* MLReportCard.swift */; };
/* End PBXBuildFile section */

/* Begin PBXFileReference section */
		0A4D3D1FC85DBCBD8C45CCA5 /* WatchlistModels.swift */ = {isa = PBXFileReference; includeInIndex = 1; lastKnownFileType = sourcecode.swift; path = WatchlistModels.swift; sourceTree = "<group>"; };
		0D40AA22987ED31FDDFD8FD9 /* OptionsRankerView.swift */ = {isa = PBXFileReference; includeInIndex = 1; lastKnownFileType = sourcecode.swift; path = OptionsRankerView.swift; sourceTree = "<group>"; };
		144206D7859B6361AEFE13D9 /* MultiTimeframeConsensusView.swift */ = {isa = PBXFileReference; includeInIndex = 1; lastKnownFileType = sourcecode.swift; path = MultiTimeframeConsensusView.swift; sourceTree = "<group>"; };
		310341ABEED26BABB738BEF2 /* AnalysisView.swift */ = {isa = PBXFileReference; includeInIndex = 1; lastKnownFileType = sourcecode.swift; path = AnalysisView.swift; sourceTree = "<group>"; };
		33A7027FA21F544B41C22B1F /* DataHealthView.swift */ = {isa = PBXFileReference; includeInIndex = 1; lastKnownFileType = sourcecode.swift; path = DataHealthView.swift; sourceTree = "<group>"; };
		45CDF4DECC736A4B74E5CF6F /* AnalysisView.swift */ = {isa = PBXFileReference; includeInIndex = 1; lastKnownFileType = sourcecode.swift; path = AnalysisView.swift; sourceTree = "<group>"; };
		474B0E75EE8ED36B46F6AB18 /* OptionsRankerView.swift */ = {isa = PBXFileReference; includeInIndex = 1; lastKnownFileType = sourcecode.swift; path = OptionsRankerView.swift; sourceTree = "<group>"; };
		495F16DC7FC5729654ADE6C7 /* MLDashboardModels.swift */ = {isa = PBXFileReference; includeInIndex = 1; lastKnownFileType = sourcecode.swift; path = MLDashboardModels.swift; sourceTree = "<group>"; };
		5FA5FFF80A4C7A0C6E60A1CA /* AnalysisViewModel.swift */ = {isa = PBXFileReference; includeInIndex = 1; lastKnownFileType = sourcecode.swift; path = AnalysisViewModel.swift; sourceTree = "<group>"; };
		6BED859934C91510459C2BF0 /* ScannerResponse.swift */ = {isa = PBXFileReference; includeInIndex = 1; lastKnownFileType = sourcecode.swift; path = ScannerResponse.swift; sourceTree = "<group>"; };
		78701C4DE36C2EE913311696 /* OptionsRankerViewModel.swift */ = {isa = PBXFileReference; includeInIndex = 1; lastKnownFileType = sourcecode.swift; path = OptionsRankerViewModel.swift; sourceTree = "<group>"; };
		83A51D8136CB3AF96EBB360E /* EnhancedPredictionModels.swift */ = {isa = PBXFileReference; includeInIndex = 1; lastKnownFileType = sourcecode.swift; path = EnhancedPredictionModels.swift; sourceTree = "<group>"; };
		848DB246B70C854F2FE0A63C /* ForecastExplainerView.swift */ = {isa = PBXFileReference; includeInIndex = 1; lastKnownFileType = sourcecode.swift; path = ForecastExplainerView.swift; sourceTree = "<group>"; };
		91C341141BD25E1C4A72A109 /* OptionsRankingResponse.swift */ = {isa = PBXFileReference; includeInIndex = 1; lastKnownFileType = sourcecode.swift; path = OptionsRankingResponse.swift; sourceTree = "<group>"; };
		9956271A37FA42982A5F0DDC /* PredictionsViewModel.swift */ = {isa = PBXFileReference; includeInIndex = 1; lastKnownFileType = sourcecode.swift; path = PredictionsViewModel.swift; sourceTree = "<group>"; };
		A2000001233456780000001 /* SwiftBoltMLApp.swift */ = {isa = PBXFileReference; lastKnownFileType = sourcecode.swift; path = SwiftBoltMLApp.swift; sourceTree = "<group>"; };
		A2000002233456780000002 /* ContentView.swift */ = {isa = PBXFileReference; lastKnownFileType = sourcecode.swift; path = ContentView.swift; sourceTree = "<group>"; };
		A2000003233456780000003 /* DevToolsView.swift */ = {isa = PBXFileReference; lastKnownFileType = sourcecode.swift; path = DevToolsView.swift; sourceTree = "<group>"; };
		A2000004233456780000004 /* SymbolSearchView.swift */ = {isa = PBXFileReference; lastKnownFileType = sourcecode.swift; path = SymbolSearchView.swift; sourceTree = "<group>"; };
		A2000005233456780000005 /* ChartView.swift */ = {isa = PBXFileReference; lastKnownFileType = sourcecode.swift; path = ChartView.swift; sourceTree = "<group>"; };
		A2000006233456780000006 /* PriceChartView.swift */ = {isa = PBXFileReference; lastKnownFileType = sourcecode.swift; path = PriceChartView.swift; sourceTree = "<group>"; };
		A2000007233456780000007 /* NewsListView.swift */ = {isa = PBXFileReference; lastKnownFileType = sourcecode.swift; path = NewsListView.swift; sourceTree = "<group>"; };
		A2000008233456780000008 /* Symbol.swift */ = {isa = PBXFileReference; lastKnownFileType = sourcecode.swift; path = Symbol.swift; sourceTree = "<group>"; };
		A2000009233456780000009 /* OHLCBar.swift */ = {isa = PBXFileReference; lastKnownFileType = sourcecode.swift; path = OHLCBar.swift; sourceTree = "<group>"; };
		A2000010233456780000010 /* ChartResponse.swift */ = {isa = PBXFileReference; lastKnownFileType = sourcecode.swift; path = ChartResponse.swift; sourceTree = "<group>"; };
		A2000011233456780000011 /* NewsItem.swift */ = {isa = PBXFileReference; lastKnownFileType = sourcecode.swift; path = NewsItem.swift; sourceTree = "<group>"; };
		A2000012233456780000012 /* NewsResponse.swift */ = {isa = PBXFileReference; lastKnownFileType = sourcecode.swift; path = NewsResponse.swift; sourceTree = "<group>"; };
		A2000013233456780000013 /* APIClient.swift */ = {isa = PBXFileReference; lastKnownFileType = sourcecode.swift; path = APIClient.swift; sourceTree = "<group>"; };
		A2000014233456780000014 /* Config.swift */ = {isa = PBXFileReference; lastKnownFileType = sourcecode.swift; path = Config.swift; sourceTree = "<group>"; };
		A2000015233456780000015 /* KeychainService.swift */ = {isa = PBXFileReference; lastKnownFileType = sourcecode.swift; path = KeychainService.swift; sourceTree = "<group>"; };
		A2000016233456780000016 /* SymbolSearchViewModel.swift */ = {isa = PBXFileReference; lastKnownFileType = sourcecode.swift; path = SymbolSearchViewModel.swift; sourceTree = "<group>"; };
		A2000017233456780000017 /* ChartViewModel.swift */ = {isa = PBXFileReference; lastKnownFileType = sourcecode.swift; path = ChartViewModel.swift; sourceTree = "<group>"; };
		A2000018233456780000018 /* NewsViewModel.swift */ = {isa = PBXFileReference; lastKnownFileType = sourcecode.swift; path = NewsViewModel.swift; sourceTree = "<group>"; };
		A2000019233456780000019 /* AppViewModel.swift */ = {isa = PBXFileReference; lastKnownFileType = sourcecode.swift; path = AppViewModel.swift; sourceTree = "<group>"; };
		A2000020233456780000020 /* Info.plist */ = {isa = PBXFileReference; lastKnownFileType = text.plist.xml; path = Info.plist; sourceTree = "<group>"; };
		A2000021233456780000021 /* SwiftBoltML.entitlements */ = {isa = PBXFileReference; lastKnownFileType = text.plist.entitlements; path = SwiftBoltML.entitlements; sourceTree = "<group>"; };
		A2000022233456780000022 /* Assets.xcassets */ = {isa = PBXFileReference; lastKnownFileType = folder.assetcatalog; path = Assets.xcassets; sourceTree = "<group>"; };
		A2000023233456780000023 /* TechnicalIndicators.swift */ = {isa = PBXFileReference; lastKnownFileType = sourcecode.swift; path = TechnicalIndicators.swift; sourceTree = "<group>"; };
		A2000024233456780000024 /* WatchlistViewModel.swift */ = {isa = PBXFileReference; lastKnownFileType = sourcecode.swift; path = WatchlistViewModel.swift; sourceTree = "<group>"; };
		A2000025233456780000025 /* WatchlistView.swift */ = {isa = PBXFileReference; lastKnownFileType = sourcecode.swift; path = WatchlistView.swift; sourceTree = "<group>"; };
		A2000026233456780000026 /* AdvancedChartView.swift */ = {isa = PBXFileReference; lastKnownFileType = sourcecode.swift; path = AdvancedChartView.swift; sourceTree = "<group>"; };
		A2000027233456780000027 /* DebugPanel.swift */ = {isa = PBXFileReference; lastKnownFileType = sourcecode.swift; path = DebugPanel.swift; sourceTree = "<group>"; };
		A2000028233456780000028 /* IndicatorPanelViews.swift */ = {isa = PBXFileReference; lastKnownFileType = sourcecode.swift; path = IndicatorPanelViews.swift; sourceTree = "<group>"; };
		A2000029233456780000029 /* SuperTrendPanelView.swift */ = {isa = PBXFileReference; lastKnownFileType = sourcecode.swift; path = SuperTrendPanelView.swift; sourceTree = "<group>"; };
		A3000001233456780000001 /* SwiftBoltML.app */ = {isa = PBXFileReference; explicitFileType = wrapper.application; includeInIndex = 0; path = SwiftBoltML.app; sourceTree = BUILT_PRODUCTS_DIR; };
		AA453D2167A88A3AB27575EB /* OptionsRankerViewModel.swift */ = {isa = PBXFileReference; includeInIndex = 1; lastKnownFileType = sourcecode.swift; path = OptionsRankerViewModel.swift; sourceTree = "<group>"; };
		B1B744048995733E3EF70004 /* PredictionsView.swift */ = {isa = PBXFileReference; includeInIndex = 1; lastKnownFileType = sourcecode.swift; path = PredictionsView.swift; sourceTree = "<group>"; };
		DA355DE6C6DCDE9AE10561A0 /* AnalysisViewModel.swift */ = {isa = PBXFileReference; includeInIndex = 1; lastKnownFileType = sourcecode.swift; path = AnalysisViewModel.swift; sourceTree = "<group>"; };
		EE33C7CA7CA515703FFF0B5D /* StrikePriceComparisonView.swift */ = {isa = PBXFileReference; includeInIndex = 1; lastKnownFileType = sourcecode.swift; path = StrikePriceComparisonView.swift; sourceTree = "<group>"; };
		F60BB96A2EF036FA0044BE7E /* OptionContract.swift */ = {isa = PBXFileReference; lastKnownFileType = sourcecode.swift; path = OptionContract.swift; sourceTree = "<group>"; };
		F60BB96B2EF036FA0044BE7E /* OptionsChainResponse.swift */ = {isa = PBXFileReference; lastKnownFileType = sourcecode.swift; path = OptionsChainResponse.swift; sourceTree = "<group>"; };
		F60BB96E2EF0371A0044BE7E /* OptionsChainViewModel.swift */ = {isa = PBXFileReference; lastKnownFileType = sourcecode.swift; path = OptionsChainViewModel.swift; sourceTree = "<group>"; };
		F60BB9702EF037360044BE7E /* OptionsChainView.swift */ = {isa = PBXFileReference; lastKnownFileType = sourcecode.swift; path = OptionsChainView.swift; sourceTree = "<group>"; };
		F6161BBE2EF2D49A0065ABA1 /* OptionRankDetailView.swift */ = {isa = PBXFileReference; lastKnownFileType = sourcecode.swift; path = OptionRankDetailView.swift; sourceTree = "<group>"; };
		F6161BBF2EF2D49A0065ABA1 /* OptionsRankerExpiryView.swift */ = {isa = PBXFileReference; lastKnownFileType = sourcecode.swift; path = OptionsRankerExpiryView.swift; sourceTree = "<group>"; };
		F64681A82EF0E00900FBEF04 /* MLReportCard.swift */ = {isa = PBXFileReference; lastKnownFileType = sourcecode.swift; path = MLReportCard.swift; sourceTree = "<group>"; };
/* End PBXFileReference section */

/* Begin PBXFrameworksBuildPhase section */
		A4000001233456780000001 /* Frameworks */ = {
			isa = PBXFrameworksBuildPhase;
			buildActionMask = 2147483647;
			files = (
			);
			runOnlyForDeploymentPostprocessing = 0;
		};
/* End PBXFrameworksBuildPhase section */

/* Begin PBXGroup section */
		A5000001233456780000001 = {
			isa = PBXGroup;
			children = (
				A5000002233456780000002 /* SwiftBoltML */,
				A5000010233456780000010 /* Products */,
			);
			sourceTree = "<group>";
		};
		A5000002233456780000002 /* SwiftBoltML */ = {
			isa = PBXGroup;
			children = (
				A5000003233456780000003 /* App */,
				A5000004233456780000004 /* Views */,
				A5000005233456780000005 /* ViewModels */,
				A5000006233456780000006 /* Models */,
				A5000007233456780000007 /* Services */,
				A2000022233456780000022 /* Assets.xcassets */,
				A2000020233456780000020 /* Info.plist */,
				A2000021233456780000021 /* SwiftBoltML.entitlements */,
			);
			path = SwiftBoltML;
			sourceTree = "<group>";
		};
		A5000003233456780000003 /* App */ = {
			isa = PBXGroup;
			children = (
				A2000001233456780000001 /* SwiftBoltMLApp.swift */,
			);
			path = App;
			sourceTree = "<group>";
		};
		A5000004233456780000004 /* Views */ = {
			isa = PBXGroup;
			children = (
				F6161BBE2EF2D49A0065ABA1 /* OptionRankDetailView.swift */,
				F6161BBF2EF2D49A0065ABA1 /* OptionsRankerExpiryView.swift */,
				A2000002233456780000002 /* ContentView.swift */,
				A2000003233456780000003 /* DevToolsView.swift */,
				A2000004233456780000004 /* SymbolSearchView.swift */,
				A2000005233456780000005 /* ChartView.swift */,
				A2000006233456780000006 /* PriceChartView.swift */,
				F64681A82EF0E00900FBEF04 /* MLReportCard.swift */,
				A2000007233456780000007 /* NewsListView.swift */,
				F60BB9702EF037360044BE7E /* OptionsChainView.swift */,
				A2000025233456780000025 /* WatchlistView.swift */,
				A2000026233456780000026 /* AdvancedChartView.swift */,
				A2000027233456780000027 /* DebugPanel.swift */,
				45CDF4DECC736A4B74E5CF6F /* AnalysisView.swift */,
				0D40AA22987ED31FDDFD8FD9 /* OptionsRankerView.swift */,
				EE33C7CA7CA515703FFF0B5D /* StrikePriceComparisonView.swift */,
				A2000028233456780000028 /* IndicatorPanelViews.swift */,
				A2000029233456780000029 /* SuperTrendPanelView.swift */,
				474B0E75EE8ED36B46F6AB18 /* OptionsRankerView.swift */,
				310341ABEED26BABB738BEF2 /* AnalysisView.swift */,
				144206D7859B6361AEFE13D9 /* MultiTimeframeConsensusView.swift */,
				848DB246B70C854F2FE0A63C /* ForecastExplainerView.swift */,
				33A7027FA21F544B41C22B1F /* DataHealthView.swift */,
				B1B744048995733E3EF70004 /* PredictionsView.swift */,
			);
			path = Views;
			sourceTree = "<group>";
		};
		A5000005233456780000005 /* ViewModels */ = {
			isa = PBXGroup;
			children = (
				A2000016233456780000016 /* SymbolSearchViewModel.swift */,
				A2000017233456780000017 /* ChartViewModel.swift */,
				A2000018233456780000018 /* NewsViewModel.swift */,
				F60BB96E2EF0371A0044BE7E /* OptionsChainViewModel.swift */,
				A2000019233456780000019 /* AppViewModel.swift */,
				A2000024233456780000024 /* WatchlistViewModel.swift */,
				5FA5FFF80A4C7A0C6E60A1CA /* AnalysisViewModel.swift */,
				AA453D2167A88A3AB27575EB /* OptionsRankerViewModel.swift */,
				78701C4DE36C2EE913311696 /* OptionsRankerViewModel.swift */,
				DA355DE6C6DCDE9AE10561A0 /* AnalysisViewModel.swift */,
				9956271A37FA42982A5F0DDC /* PredictionsViewModel.swift */,
			);
			path = ViewModels;
			sourceTree = "<group>";
		};
		A5000006233456780000006 /* Models */ = {
			isa = PBXGroup;
			children = (
				A2000008233456780000008 /* Symbol.swift */,
				A2000009233456780000009 /* OHLCBar.swift */,
				A2000010233456780000010 /* ChartResponse.swift */,
				F60BB96A2EF036FA0044BE7E /* OptionContract.swift */,
				F60BB96B2EF036FA0044BE7E /* OptionsChainResponse.swift */,
				A2000011233456780000011 /* NewsItem.swift */,
				A2000012233456780000012 /* NewsResponse.swift */,
				91C341141BD25E1C4A72A109 /* OptionsRankingResponse.swift */,
				6BED859934C91510459C2BF0 /* ScannerResponse.swift */,
				0A4D3D1FC85DBCBD8C45CCA5 /* WatchlistModels.swift */,
				83A51D8136CB3AF96EBB360E /* EnhancedPredictionModels.swift */,
				495F16DC7FC5729654ADE6C7 /* MLDashboardModels.swift */,
			);
			path = Models;
			sourceTree = "<group>";
		};
		A5000007233456780000007 /* Services */ = {
			isa = PBXGroup;
			children = (
				A2000013233456780000013 /* APIClient.swift */,
				A2000014233456780000014 /* Config.swift */,
				A2000015233456780000015 /* KeychainService.swift */,
				A2000023233456780000023 /* TechnicalIndicators.swift */,
			);
			path = Services;
			sourceTree = "<group>";
		};
		A5000010233456780000010 /* Products */ = {
			isa = PBXGroup;
			children = (
				A3000001233456780000001 /* SwiftBoltML.app */,
			);
			name = Products;
			sourceTree = "<group>";
		};
/* End PBXGroup section */

/* Begin PBXNativeTarget section */
		A6000001233456780000001 /* SwiftBoltML */ = {
			isa = PBXNativeTarget;
			buildConfigurationList = A8000001233456780000001 /* Build configuration list for PBXNativeTarget "SwiftBoltML" */;
			buildPhases = (
				A7000001233456780000001 /* Sources */,
				A4000001233456780000001 /* Frameworks */,
				A4000002233456780000002 /* Resources */,
			);
			buildRules = (
			);
			dependencies = (
			);
			name = SwiftBoltML;
			productName = SwiftBoltML;
			productReference = A3000001233456780000001 /* SwiftBoltML.app */;
			productType = "com.apple.product-type.application";
		};
/* End PBXNativeTarget section */

/* Begin PBXProject section */
		A9000001233456780000001 /* Project object */ = {
			isa = PBXProject;
			attributes = {
				BuildIndependentTargetsInParallel = 1;
				LastSwiftUpdateCheck = 1500;
				LastUpgradeCheck = 2620;
				TargetAttributes = {
					A6000001233456780000001 = {
						CreatedOnToolsVersion = 15.0;
					};
				};
			};
			buildConfigurationList = A8000002233456780000002 /* Build configuration list for PBXProject "SwiftBoltML" */;
			compatibilityVersion = "Xcode 14.0";
			developmentRegion = en;
			hasScannedForEncodings = 0;
			knownRegions = (
				en,
				Base,
			);
			mainGroup = A5000001233456780000001;
			productRefGroup = A5000010233456780000010 /* Products */;
			projectDirPath = "";
			projectRoot = "";
			targets = (
				A6000001233456780000001 /* SwiftBoltML */,
			);
		};
/* End PBXProject section */

/* Begin PBXResourcesBuildPhase section */
		A4000002233456780000002 /* Resources */ = {
			isa = PBXResourcesBuildPhase;
			buildActionMask = 2147483647;
			files = (
				A1000020233456780000020 /* Assets.xcassets in Resources */,
			);
			runOnlyForDeploymentPostprocessing = 0;
		};
/* End PBXResourcesBuildPhase section */

/* Begin PBXSourcesBuildPhase section */
		A7000001233456780000001 /* Sources */ = {
			isa = PBXSourcesBuildPhase;
			buildActionMask = 2147483647;
			files = (
				A1000001233456780000001 /* SwiftBoltMLApp.swift in Sources */,
				A1000002233456780000002 /* ContentView.swift in Sources */,
				A1000003233456780000003 /* DevToolsView.swift in Sources */,
				A1000004233456780000004 /* SymbolSearchView.swift in Sources */,
				A1000005233456780000005 /* ChartView.swift in Sources */,
				A1000006233456780000006 /* PriceChartView.swift in Sources */,
				A1000007233456780000007 /* NewsListView.swift in Sources */,
				A1000008233456780000008 /* Symbol.swift in Sources */,
				A1000009233456780000009 /* OHLCBar.swift in Sources */,
				F60BB96C2EF036FA0044BE7E /* OptionContract.swift in Sources */,
				F60BB96D2EF036FA0044BE7E /* OptionsChainResponse.swift in Sources */,
				A1000010233456780000010 /* ChartResponse.swift in Sources */,
				A1000011233456780000011 /* NewsItem.swift in Sources */,
				A1000012233456780000012 /* NewsResponse.swift in Sources */,
				A1000013233456780000013 /* APIClient.swift in Sources */,
				A1000014233456780000014 /* Config.swift in Sources */,
				A1000015233456780000015 /* KeychainService.swift in Sources */,
				A1000016233456780000016 /* SymbolSearchViewModel.swift in Sources */,
				A1000017233456780000017 /* ChartViewModel.swift in Sources */,
				F60BB9712EF037360044BE7E /* OptionsChainView.swift in Sources */,
				F64681A92EF0E00900FBEF04 /* MLReportCard.swift in Sources */,
				A1000018233456780000018 /* NewsViewModel.swift in Sources */,
				F60BB96F2EF0371A0044BE7E /* OptionsChainViewModel.swift in Sources */,
				A1000019233456780000019 /* AppViewModel.swift in Sources */,
				A1000021233456780000021 /* TechnicalIndicators.swift in Sources */,
				A1000022233456780000022 /* WatchlistViewModel.swift in Sources */,
				A1000023233456780000023 /* WatchlistView.swift in Sources */,
				A1000024233456780000024 /* AdvancedChartView.swift in Sources */,
				A1000025233456780000025 /* DebugPanel.swift in Sources */,
				F6161BC02EF2D49A0065ABA1 /* OptionsRankerExpiryView.swift in Sources */,
				F6161BC12EF2D49A0065ABA1 /* OptionRankDetailView.swift in Sources */,
				A66084CE5A41ABCA72B26DB6 /* OptionsRankingResponse.swift in Sources */,
				2B0B27F844CF7F11D77399D7 /* ScannerResponse.swift in Sources */,
				BC576D3E8C5285E20896AD47 /* AnalysisView.swift in Sources */,
				E90FBEB82247C0247F23FFCF /* OptionsRankerView.swift in Sources */,
				3D2E2ECF304A82C0FF14E1A6 /* AnalysisViewModel.swift in Sources */,
				A2A8103C284B7A6C2EA18C30 /* OptionsRankerViewModel.swift in Sources */,
				731BC29C18688AD83AF0A16E /* StrikePriceComparisonView.swift in Sources */,
				1B3F554CCC5B9C65482F52FA /* WatchlistModels.swift in Sources */,
				A1000028233456780000028 /* IndicatorPanelViews.swift in Sources */,
				A1000029233456780000029 /* SuperTrendPanelView.swift in Sources */,
				611D5562963D3AAE070CC72B /* EnhancedPredictionModels.swift in Sources */,
				136FE9F67FA29A26AE074312 /* MultiTimeframeConsensusView.swift in Sources */,
				DC8011B65E28852181663316 /* ForecastExplainerView.swift in Sources */,
				BD25768D5DDFD833E346DDB5 /* DataHealthView.swift in Sources */,
				EAB197F7318F24B608BAA78D /* MLDashboardModels.swift in Sources */,
				C01BE4658F2DADDC3E59B1DC /* PredictionsView.swift in Sources */,
				75E6EC514BD3BA75308497C8 /* PredictionsViewModel.swift in Sources */,
			);
			runOnlyForDeploymentPostprocessing = 0;
		};
/* End PBXSourcesBuildPhase section */

/* Begin XCBuildConfiguration section */
		B1000001233456780000001 /* Debug */ = {
			isa = XCBuildConfiguration;
			buildSettings = {
				ALWAYS_SEARCH_USER_PATHS = NO;
				ASSETCATALOG_COMPILER_GENERATE_SWIFT_ASSET_SYMBOL_EXTENSIONS = YES;
				CLANG_ANALYZER_NONNULL = YES;
				CLANG_ANALYZER_NUMBER_OBJECT_CONVERSION = YES_AGGRESSIVE;
				CLANG_CXX_LANGUAGE_STANDARD = "gnu++20";
				CLANG_ENABLE_MODULES = YES;
				CLANG_ENABLE_OBJC_ARC = YES;
				CLANG_ENABLE_OBJC_WEAK = YES;
				CLANG_WARN_BLOCK_CAPTURE_AUTORELEASING = YES;
				CLANG_WARN_BOOL_CONVERSION = YES;
				CLANG_WARN_COMMA = YES;
				CLANG_WARN_CONSTANT_CONVERSION = YES;
				CLANG_WARN_DEPRECATED_OBJC_IMPLEMENTATIONS = YES;
				CLANG_WARN_DIRECT_OBJC_ISA_USAGE = YES_ERROR;
				CLANG_WARN_DOCUMENTATION_COMMENTS = YES;
				CLANG_WARN_EMPTY_BODY = YES;
				CLANG_WARN_ENUM_CONVERSION = YES;
				CLANG_WARN_INFINITE_RECURSION = YES;
				CLANG_WARN_INT_CONVERSION = YES;
				CLANG_WARN_NON_LITERAL_NULL_CONVERSION = YES;
				CLANG_WARN_OBJC_IMPLICIT_RETAIN_SELF = YES;
				CLANG_WARN_OBJC_LITERAL_CONVERSION = YES;
				CLANG_WARN_OBJC_ROOT_CLASS = YES_ERROR;
				CLANG_WARN_QUOTED_INCLUDE_IN_FRAMEWORK_HEADER = YES;
				CLANG_WARN_RANGE_LOOP_ANALYSIS = YES;
				CLANG_WARN_STRICT_PROTOTYPES = YES;
				CLANG_WARN_SUSPICIOUS_MOVE = YES;
				CLANG_WARN_UNGUARDED_AVAILABILITY = YES_AGGRESSIVE;
				CLANG_WARN_UNREACHABLE_CODE = YES;
				CLANG_WARN__DUPLICATE_METHOD_MATCH = YES;
				COPY_PHASE_STRIP = NO;
				DEAD_CODE_STRIPPING = YES;
				DEBUG_INFORMATION_FORMAT = dwarf;
				ENABLE_STRICT_OBJC_MSGSEND = YES;
				ENABLE_TESTABILITY = YES;
				ENABLE_USER_SCRIPT_SANDBOXING = YES;
				GCC_C_LANGUAGE_STANDARD = gnu17;
				GCC_DYNAMIC_NO_PIC = NO;
				GCC_NO_COMMON_BLOCKS = YES;
				GCC_OPTIMIZATION_LEVEL = 0;
				GCC_PREPROCESSOR_DEFINITIONS = (
					"DEBUG=1",
					"$(inherited)",
				);
				GCC_WARN_64_TO_32_BIT_CONVERSION = YES;
				GCC_WARN_ABOUT_RETURN_TYPE = YES_ERROR;
				GCC_WARN_UNDECLARED_SELECTOR = YES;
				GCC_WARN_UNINITIALIZED_AUTOS = YES_AGGRESSIVE;
				GCC_WARN_UNUSED_FUNCTION = YES;
				GCC_WARN_UNUSED_VARIABLE = YES;
				MACOSX_DEPLOYMENT_TARGET = 14.0;
				MTL_ENABLE_DEBUG_INFO = INCLUDE_SOURCE;
				MTL_FAST_MATH = YES;
				ONLY_ACTIVE_ARCH = YES;
				SDKROOT = macosx;
				STRING_CATALOG_GENERATE_SYMBOLS = YES;
				SWIFT_ACTIVE_COMPILATION_CONDITIONS = "DEBUG $(inherited)";
				SWIFT_OPTIMIZATION_LEVEL = "-Onone";
			};
			name = Debug;
		};
		B1000002233456780000002 /* Release */ = {
			isa = XCBuildConfiguration;
			buildSettings = {
				ALWAYS_SEARCH_USER_PATHS = NO;
				ASSETCATALOG_COMPILER_GENERATE_SWIFT_ASSET_SYMBOL_EXTENSIONS = YES;
				CLANG_ANALYZER_NONNULL = YES;
				CLANG_ANALYZER_NUMBER_OBJECT_CONVERSION = YES_AGGRESSIVE;
				CLANG_CXX_LANGUAGE_STANDARD = "gnu++20";
				CLANG_ENABLE_MODULES = YES;
				CLANG_ENABLE_OBJC_ARC = YES;
				CLANG_ENABLE_OBJC_WEAK = YES;
				CLANG_WARN_BLOCK_CAPTURE_AUTORELEASING = YES;
				CLANG_WARN_BOOL_CONVERSION = YES;
				CLANG_WARN_COMMA = YES;
				CLANG_WARN_CONSTANT_CONVERSION = YES;
				CLANG_WARN_DEPRECATED_OBJC_IMPLEMENTATIONS = YES;
				CLANG_WARN_DIRECT_OBJC_ISA_USAGE = YES_ERROR;
				CLANG_WARN_DOCUMENTATION_COMMENTS = YES;
				CLANG_WARN_EMPTY_BODY = YES;
				CLANG_WARN_ENUM_CONVERSION = YES;
				CLANG_WARN_INFINITE_RECURSION = YES;
				CLANG_WARN_INT_CONVERSION = YES;
				CLANG_WARN_NON_LITERAL_NULL_CONVERSION = YES;
				CLANG_WARN_OBJC_IMPLICIT_RETAIN_SELF = YES;
				CLANG_WARN_OBJC_LITERAL_CONVERSION = YES;
				CLANG_WARN_OBJC_ROOT_CLASS = YES_ERROR;
				CLANG_WARN_QUOTED_INCLUDE_IN_FRAMEWORK_HEADER = YES;
				CLANG_WARN_RANGE_LOOP_ANALYSIS = YES;
				CLANG_WARN_STRICT_PROTOTYPES = YES;
				CLANG_WARN_SUSPICIOUS_MOVE = YES;
				CLANG_WARN_UNGUARDED_AVAILABILITY = YES_AGGRESSIVE;
				CLANG_WARN_UNREACHABLE_CODE = YES;
				CLANG_WARN__DUPLICATE_METHOD_MATCH = YES;
				COPY_PHASE_STRIP = NO;
				DEAD_CODE_STRIPPING = YES;
				DEBUG_INFORMATION_FORMAT = "dwarf-with-dsym";
				ENABLE_NS_ASSERTIONS = NO;
				ENABLE_STRICT_OBJC_MSGSEND = YES;
				ENABLE_USER_SCRIPT_SANDBOXING = YES;
				GCC_C_LANGUAGE_STANDARD = gnu17;
				GCC_NO_COMMON_BLOCKS = YES;
				GCC_WARN_64_TO_32_BIT_CONVERSION = YES;
				GCC_WARN_ABOUT_RETURN_TYPE = YES_ERROR;
				GCC_WARN_UNDECLARED_SELECTOR = YES;
				GCC_WARN_UNINITIALIZED_AUTOS = YES_AGGRESSIVE;
				GCC_WARN_UNUSED_FUNCTION = YES;
				GCC_WARN_UNUSED_VARIABLE = YES;
				MACOSX_DEPLOYMENT_TARGET = 14.0;
				MTL_ENABLE_DEBUG_INFO = NO;
				MTL_FAST_MATH = YES;
				SDKROOT = macosx;
				STRING_CATALOG_GENERATE_SYMBOLS = YES;
				SWIFT_COMPILATION_MODE = wholemodule;
			};
			name = Release;
		};
		B2000001233456780000001 /* Debug */ = {
			isa = XCBuildConfiguration;
			buildSettings = {
				ASSETCATALOG_COMPILER_APPICON_NAME = AppIcon;
				ASSETCATALOG_COMPILER_GLOBAL_ACCENT_COLOR_NAME = AccentColor;
				CODE_SIGNING_ALLOWED = NO;
				CODE_SIGNING_REQUIRED = NO;
				CODE_SIGN_IDENTITY = "-";
				COMBINE_HIDPI_IMAGES = YES;
				CURRENT_PROJECT_VERSION = 1;
				DEAD_CODE_STRIPPING = YES;
				DEVELOPMENT_TEAM = "";
				ENABLE_APP_SANDBOX = NO;
				ENABLE_HARDENED_RUNTIME = NO;
				ENABLE_PREVIEWS = YES;
				GENERATE_INFOPLIST_FILE = NO;
				INFOPLIST_FILE = SwiftBoltML/Info.plist;
				INFOPLIST_KEY_LSApplicationCategoryType = "public.app-category.finance";
				INFOPLIST_KEY_NSHumanReadableCopyright = "";
				LD_RUNPATH_SEARCH_PATHS = (
					"$(inherited)",
					"@executable_path/../Frameworks",
				);
				MARKETING_VERSION = 1.0;
				PRODUCT_BUNDLE_IDENTIFIER = com.swiftbolt.ml;
				PRODUCT_NAME = "$(TARGET_NAME)";
				SWIFT_EMIT_LOC_STRINGS = YES;
				SWIFT_VERSION = 5.0;
			};
			name = Debug;
		};
		B2000002233456780000002 /* Release */ = {
			isa = XCBuildConfiguration;
			buildSettings = {
				ASSETCATALOG_COMPILER_APPICON_NAME = AppIcon;
				ASSETCATALOG_COMPILER_GLOBAL_ACCENT_COLOR_NAME = AccentColor;
				CODE_SIGNING_ALLOWED = NO;
				CODE_SIGNING_REQUIRED = NO;
				CODE_SIGN_IDENTITY = "-";
				COMBINE_HIDPI_IMAGES = YES;
				CURRENT_PROJECT_VERSION = 1;
				DEAD_CODE_STRIPPING = YES;
				DEVELOPMENT_TEAM = "";
				ENABLE_APP_SANDBOX = NO;
				ENABLE_HARDENED_RUNTIME = NO;
				ENABLE_PREVIEWS = YES;
				GENERATE_INFOPLIST_FILE = NO;
				INFOPLIST_FILE = SwiftBoltML/Info.plist;
				INFOPLIST_KEY_LSApplicationCategoryType = "public.app-category.finance";
				INFOPLIST_KEY_NSHumanReadableCopyright = "";
				LD_RUNPATH_SEARCH_PATHS = (
					"$(inherited)",
					"@executable_path/../Frameworks",
				);
				MARKETING_VERSION = 1.0;
				PRODUCT_BUNDLE_IDENTIFIER = com.swiftbolt.ml;
				PRODUCT_NAME = "$(TARGET_NAME)";
				SWIFT_EMIT_LOC_STRINGS = YES;
				SWIFT_VERSION = 5.0;
			};
			name = Release;
		};
/* End XCBuildConfiguration section */

/* Begin XCConfigurationList section */
		A8000001233456780000001 /* Build configuration list for PBXNativeTarget "SwiftBoltML" */ = {
			isa = XCConfigurationList;
			buildConfigurations = (
				B2000001233456780000001 /* Debug */,
				B2000002233456780000002 /* Release */,
			);
			defaultConfigurationIsVisible = 0;
			defaultConfigurationName = Release;
		};
		A8000002233456780000002 /* Build configuration list for PBXProject "SwiftBoltML" */ = {
			isa = XCConfigurationList;
			buildConfigurations = (
				B1000001233456780000001 /* Debug */,
				B1000002233456780000002 /* Release */,
			);
			defaultConfigurationIsVisible = 0;
			defaultConfigurationName = Release;
		};
/* End XCConfigurationList section */
	};
	rootObject = A9000001233456780000001 /* Project object */;
}
