{
  "version": "5",
  "redirects": {
    "https://esm.sh/@supabase/supabase-js@2": "https://esm.sh/@supabase/supabase-js@2.87.1",
    "https://esm.sh/iceberg-js@^0.8.1?target=denonext": "https://esm.sh/iceberg-js@0.8.1?target=denonext"
  },
  "remote": {
    "https://deno.land/std@0.208.0/async/delay.ts": "a6142eb44cdd856b645086af2b811b1fcce08ec06bb7d50969e6a872ee9b8659",
    "https://deno.land/std@0.208.0/http/server.ts": "f3cde6672e631d3e00785743cfa96bfed275618c0352c5ae84abbe5a2e0e4afc",
    "https://esm.sh/@supabase/auth-js@2.87.1/denonext/auth-js.mjs": "df648c4de803ec1cbffe08566cc4bdc203a89eb75856528b965f43dd4b877088",
    "https://esm.sh/@supabase/functions-js@2.87.1/denonext/functions-js.mjs": "cefdfdefe3d6a8aaa6268f1109a73d5fb431015e8f604a4d73bd554dba6e1c1e",
    "https://esm.sh/@supabase/postgrest-js@2.87.1/denonext/postgrest-js.mjs": "ee1bcda955a878440196503923a535e18ff2fd1f20dd0582f652a435ba5a9a10",
    "https://esm.sh/@supabase/realtime-js@2.87.1/denonext/realtime-js.mjs": "e6815bdb6aff1fdbabfc9d264f026112c58d51571daf1e1529c76e0e26b53970",
    "https://esm.sh/@supabase/storage-js@2.87.1/denonext/storage-js.mjs": "8468ef6bef2daf31940837decd8bdde9f5b1e35eec66dd9af3a409562a556088",
    "https://esm.sh/@supabase/supabase-js@2.87.1": "103ac54a7a223047234abf729ea8474d1e107b63435db8f8e3d13b3d929859af",
    "https://esm.sh/@supabase/supabase-js@2.87.1/denonext/supabase-js.mjs": "0dbd3020edc204c8e0cec556f1ab35207bc00e76cfe978b621cb64941f6aa287",
    "https://esm.sh/iceberg-js@0.8.1/denonext/iceberg-js.mjs": "d839d81a2e3966500ca2cdd0c1cb458e9608bacfc91f7bb67a69b2e878dcdb4f",
    "https://esm.sh/iceberg-js@0.8.1?target=denonext": "58c849d7fe2bf4eca4a84eb501e83c161a7d8c34ca1bec15a962b3bec3062633",
    "https://esm.sh/tslib@2.8.1/denonext/tslib.mjs": "ebce3cd5facb654623020337f867b426ba95f71596ba87acc9e6c6f4e55905ca"
  },
  "workspace": {
    "packageJson": {
      "dependencies": [
        "npm:@babel/cli@^7.25.0",
        "npm:@babel/core@^7.25.0",
        "npm:@babel/plugin-transform-runtime@^7.25.0",
        "npm:@babel/preset-env@^7.25.0",
        "npm:@babel/register@^7.25.0",
        "npm:@babel/runtime@^7.25.0",
        "npm:finnhub@^2.0.12",
        "npm:mocha@^10.4.0",
        "npm:node-fetch@^3.3.2",
        "npm:supabase@^1.200.0"
      ]
    }
  }
}
